
Microsoft Visual Studio Solution File, Format Version 12.00
# Visual Studio 15
VisualStudioVersion = 15.0.28307.1000
MinimumVisualStudioVersion = 10.0.40219.1
Project("{8BC9CEB8-8B4A-11D0-8D11-00A0C91BC942}") = "KeyEvent", "KeyEvent\KeyEvent.vcxproj", "{63FE9161-77DA-42CD-885A-99E14D085C14}"
EndProject
Global
	GlobalSection(SolutionConfigurationPlatforms) = preSolution
		Debug|x64 = Debug|x64
		Debug|x86 = Debug|x86
		Release|x64 = Release|x64
		Release|x86 = Release|x86
	EndGlobalSection
	GlobalSection(ProjectConfigurationPlatforms) = postSolution
		{63FE9161-77DA-42CD-885A-99E14D085C14}.Debug|x64.ActiveCfg = Debug|x64
		{63FE9161-77DA-42CD-885A-99E14D085C14}.Debug|x64.Build.0 = Debug|x64
		{63FE9161-77DA-42CD-885A-99E14D085C14}.Debug|x86.ActiveCfg = Debug|Win32
		{63FE9161-77DA-42CD-885A-99E14D085C14}.Debug|x86.Build.0 = Debug|Win32
		{63FE9161-77DA-42CD-885A-99E14D085C14}.Release|x64.ActiveCfg = Release|x64
		{63FE9161-77DA-42CD-885A-99E14D085C14}.Release|x64.Build.0 = Release|x64
		{63FE9161-77DA-42CD-885A-99E14D085C14}.Release|x86.ActiveCfg = Release|Win32
		{63FE9161-77DA-42CD-885A-99E14D085C14}.Release|x86.Build.0 = Release|Win32
	EndGlobalSection
	GlobalSection(SolutionProperties) = preSolution
		HideSolutionNode = FALSE
	EndGlobalSection
	GlobalSection(ExtensibilityGlobals) = postSolution
		SolutionGuid = {E5ED0099-6CE4-4E30-B99D-E4D1F8BB6220}
	EndGlobalSection
EndGlobal
